
Microsoft Visual Studio Solution File, Format Version 12.00
# Visual Studio Version 17
VisualStudioVersion = 17.8.34511.84
MinimumVisualStudioVersion = 10.0.40219.1
Project("{FAE04EC0-301F-11D3-BF4B-00C04F79EFBC}") = "ConsumerAPP", "ConsumerAPP\ConsumerAPP.csproj", "{D5C43B98-4D5F-4EFF-A050-DB9E6BF90CC3}"
EndProject
Project("{FAE04EC0-301F-11D3-BF4B-00C04F79EFBC}") = "PublisherAPP", "PublisherAPP\PublisherAPP.csproj", "{15BD3DC1-5C08-4F37-8A1A-69BF57692349}"
EndProject
Global
	GlobalSection(SolutionConfigurationPlatforms) = preSolution
		Debug|Any CPU = Debug|Any CPU
		Release|Any CPU = Release|Any CPU
	EndGlobalSection
	GlobalSection(ProjectConfigurationPlatforms) = postSolution
		{D5C43B98-4D5F-4EFF-A050-DB9E6BF90CC3}.Debug|Any CPU.ActiveCfg = Debug|Any CPU
		{D5C43B98-4D5F-4EFF-A050-DB9E6BF90CC3}.Debug|Any CPU.Build.0 = Debug|Any CPU
		{D5C43B98-4D5F-4EFF-A050-DB9E6BF90CC3}.Release|Any CPU.ActiveCfg = Release|Any CPU
		{D5C43B98-4D5F-4EFF-A050-DB9E6BF90CC3}.Release|Any CPU.Build.0 = Release|Any CPU
		{15BD3DC1-5C08-4F37-8A1A-69BF57692349}.Debug|Any CPU.ActiveCfg = Debug|Any CPU
		{15BD3DC1-5C08-4F37-8A1A-69BF57692349}.Debug|Any CPU.Build.0 = Debug|Any CPU
		{15BD3DC1-5C08-4F37-8A1A-69BF57692349}.Release|Any CPU.ActiveCfg = Release|Any CPU
		{15BD3DC1-5C08-4F37-8A1A-69BF57692349}.Release|Any CPU.Build.0 = Release|Any CPU
	EndGlobalSection
	GlobalSection(SolutionProperties) = preSolution
		HideSolutionNode = FALSE
	EndGlobalSection
	GlobalSection(ExtensibilityGlobals) = postSolution
		SolutionGuid = {A4F78825-EE90-43AD-A635-7E2773033306}
	EndGlobalSection
EndGlobal
